
Microsoft Visual Studio Solution File, Format Version 12.00
# Visual Studio Version 16
VisualStudioVersion = 16.0.31515.178
MinimumVisualStudioVersion = 10.0.40219.1
Project("{FAE04EC0-301F-11D3-BF4B-00C04F79EFBC}") = "Shop 4-8-21", "Shop 4-8-21\Shop 4-8-21.csproj", "{C8A13992-CB8E-4835-A5F8-0DBBB1067AD9}"
EndProject
Global
	GlobalSection(SolutionConfigurationPlatforms) = preSolution
		Debug|Any CPU = Debug|Any CPU
		Release|Any CPU = Release|Any CPU
	EndGlobalSection
	GlobalSection(ProjectConfigurationPlatforms) = postSolution
		{C8A13992-CB8E-4835-A5F8-0DBBB1067AD9}.Debug|Any CPU.ActiveCfg = Debug|Any CPU
		{C8A13992-CB8E-4835-A5F8-0DBBB1067AD9}.Debug|Any CPU.Build.0 = Debug|Any CPU
		{C8A13992-CB8E-4835-A5F8-0DBBB1067AD9}.Release|Any CPU.ActiveCfg = Release|Any CPU
		{C8A13992-CB8E-4835-A5F8-0DBBB1067AD9}.Release|Any CPU.Build.0 = Release|Any CPU
	EndGlobalSection
	GlobalSection(SolutionProperties) = preSolution
		HideSolutionNode = FALSE
	EndGlobalSection
	GlobalSection(ExtensibilityGlobals) = postSolution
		SolutionGuid = {0CCF59A3-91CA-4AB9-A979-26825EF51324}
	EndGlobalSection
EndGlobal
